// !$*UTF8*$!
{
	archiveVersion = 1;
	classes = {
	};
	objectVersion = 46;
	objects = {

/* Begin PBXBuildFile section */
		04D02E871E5C1D64004BE244 /* AppDelegate.swift in Sources */ = {isa = PBXBuildFile; fileRef = 04D02E861E5C1D64004BE244 /* AppDelegate.swift */; };
		04D02E8C1E5C1D64004BE244 /* Main.storyboard in Resources */ = {isa = PBXBuildFile; fileRef = 04D02E8A1E5C1D64004BE244 /* Main.storyboard */; };
		04D02E8E1E5C1D64004BE244 /* Assets.xcassets in Resources */ = {isa = PBXBuildFile; fileRef = 04D02E8D1E5C1D64004BE244 /* Assets.xcassets */; };
		04D02E911E5C1D64004BE244 /* LaunchScreen.storyboard in Resources */ = {isa = PBXBuildFile; fileRef = 04D02E8F1E5C1D64004BE244 /* LaunchScreen.storyboard */; };
/* End PBXBuildFile section */

/* Begin PBXFileReference section */
		04D02E831E5C1D64004BE244 /* DYZB.app */ = {isa = PBXFileReference; explicitFileType = wrapper.application; includeInIndex = 0; path = DYZB.app; sourceTree = BUILT_PRODUCTS_DIR; };
		04D02E861E5C1D64004BE244 /* AppDelegate.swift */ = {isa = PBXFileReference; lastKnownFileType = sourcecode.swift; path = AppDelegate.swift; sourceTree = "<group>"; };
		04D02E8B1E5C1D64004BE244 /* Base */ = {isa = PBXFileReference; lastKnownFileType = file.storyboard; name = Base; path = Base.lproj/Main.storyboard; sourceTree = "<group>"; };
		04D02E8D1E5C1D64004BE244 /* Assets.xcassets */ = {isa = PBXFileReference; lastKnownFileType = folder.assetcatalog; path = Assets.xcassets; sourceTree = "<group>"; };
		04D02E901E5C1D64004BE244 /* Base */ = {isa = PBXFileReference; lastKnownFileType = file.storyboard; name = Base; path = Base.lproj/LaunchScreen.storyboard; sourceTree = "<group>"; };
		04D02E921E5C1D64004BE244 /* Info.plist */ = {isa = PBXFileReference; lastKnownFileType = text.plist.xml; path = Info.plist; sourceTree = "<group>"; };
/* End PBXFileReference section */

/* Begin PBXFrameworksBuildPhase section */
		04D02E801E5C1D64004BE244 /* Frameworks */ = {
			isa = PBXFrameworksBuildPhase;
			buildActionMask = 2147483647;
			files = (
			);
			runOnlyForDeploymentPostprocessing = 0;
		};
/* End PBXFrameworksBuildPhase section */

/* Begin PBXGroup section */
		04D02E7A1E5C1D64004BE244 = {
			isa = PBXGroup;
			children = (
				04D02E851E5C1D64004BE244 /* DYZB */,
				04D02E841E5C1D64004BE244 /* Products */,
			);
			sourceTree = "<group>";
		};
		04D02E841E5C1D64004BE244 /* Products */ = {
			isa = PBXGroup;
			children = (
				04D02E831E5C1D64004BE244 /* DYZB.app */,
			);
			name = Products;
			sourceTree = "<group>";
		};
		04D02E851E5C1D64004BE244 /* DYZB */ = {
			isa = PBXGroup;
			children = (
				04D02E861E5C1D64004BE244 /* AppDelegate.swift */,
				04D02E981E5C207D004BE244 /* Classes */,
				04D02E8A1E5C1D64004BE244 /* Main.storyboard */,
				04D02E8D1E5C1D64004BE244 /* Assets.xcassets */,
				04D02E8F1E5C1D64004BE244 /* LaunchScreen.storyboard */,
				04D02E921E5C1D64004BE244 /* Info.plist */,
			);
			path = DYZB;
			sourceTree = "<group>";
		};
		04D02E981E5C207D004BE244 /* Classes */ = {
			isa = PBXGroup;
			children = (
				04D02E9C1E5C207D004BE244 /* Main */,
				04D02E9A1E5C207D004BE244 /* Home */,
				04D02E9B1E5C207D004BE244 /* Live */,
				04D02E991E5C207D004BE244 /* Follow */,
				04D02E9D1E5C207D004BE244 /* Profile */,
				04D02E9E1E5C207D004BE244 /* Tools */,
			);
			path = Classes;
			sourceTree = "<group>";
		};
		04D02E991E5C207D004BE244 /* Follow */ = {
			isa = PBXGroup;
			children = (
			);
			path = Follow;
			sourceTree = "<group>";
		};
		04D02E9A1E5C207D004BE244 /* Home */ = {
			isa = PBXGroup;
			children = (
			);
			path = Home;
			sourceTree = "<group>";
		};
		04D02E9B1E5C207D004BE244 /* Live */ = {
			isa = PBXGroup;
			children = (
			);
			path = Live;
			sourceTree = "<group>";
		};
		04D02E9C1E5C207D004BE244 /* Main */ = {
			isa = PBXGroup;
			children = (
			);
			path = Main;
			sourceTree = "<group>";
		};
		04D02E9D1E5C207D004BE244 /* Profile */ = {
			isa = PBXGroup;
			children = (
			);
			path = Profile;
			sourceTree = "<group>";
		};
		04D02E9E1E5C207D004BE244 /* Tools */ = {
			isa = PBXGroup;
			children = (
			);
			path = Tools;
			sourceTree = "<group>";
		};
/* End PBXGroup section */

/* Begin PBXNativeTarget section */
		04D02E821E5C1D64004BE244 /* DYZB */ = {
			isa = PBXNativeTarget;
			buildConfigurationList = 04D02E951E5C1D64004BE244 /* Build configuration list for PBXNativeTarget "DYZB" */;
			buildPhases = (
				04D02E7F1E5C1D64004BE244 /* Sources */,
				04D02E801E5C1D64004BE244 /* Frameworks */,
				04D02E811E5C1D64004BE244 /* Resources */,
			);
			buildRules = (
			);
			dependencies = (
			);
			name = DYZB;
			productName = DYZB;
			productReference = 04D02E831E5C1D64004BE244 /* DYZB.app */;
			productType = "com.apple.product-type.application";
		};
/* End PBXNativeTarget section */

/* Begin PBXProject section */
		04D02E7B1E5C1D64004BE244 /* Project object */ = {
			isa = PBXProject;
			attributes = {
				LastSwiftUpdateCheck = 0710;
				LastUpgradeCheck = 0710;
				ORGANIZATIONNAME = mac;
				TargetAttributes = {
					04D02E821E5C1D64004BE244 = {
						CreatedOnToolsVersion = 7.1;
					};
				};
			};
			buildConfigurationList = 04D02E7E1E5C1D64004BE244 /* Build configuration list for PBXProject "DYZB" */;
			compatibilityVersion = "Xcode 3.2";
			developmentRegion = English;
			hasScannedForEncodings = 0;
			knownRegions = (
				en,
				Base,
			);
			mainGroup = 04D02E7A1E5C1D64004BE244;
			productRefGroup = 04D02E841E5C1D64004BE244 /* Products */;
			projectDirPath = "";
			projectRoot = "";
			targets = (
				04D02E821E5C1D64004BE244 /* DYZB */,
			);
		};
/* End PBXProject section */

/* Begin PBXResourcesBuildPhase section */
		04D02E811E5C1D64004BE244 /* Resources */ = {
			isa = PBXResourcesBuildPhase;
			buildActionMask = 2147483647;
			files = (
				04D02E911E5C1D64004BE244 /* LaunchScreen.storyboard in Resources */,
				04D02E8E1E5C1D64004BE244 /* Assets.xcassets in Resources */,
				04D02E8C1E5C1D64004BE244 /* Main.storyboard in Resources */,
			);
			runOnlyForDeploymentPostprocessing = 0;
		};
/* End PBXResourcesBuildPhase section */

/* Begin PBXSourcesBuildPhase section */
		04D02E7F1E5C1D64004BE244 /* Sources */ = {
			isa = PBXSourcesBuildPhase;
			buildActionMask = 2147483647;
			files = (
				04D02E871E5C1D64004BE244 /* AppDelegate.swift in Sources */,
			);
			runOnlyForDeploymentPostprocessing = 0;
		};
/* End PBXSourcesBuildPhase section */

/* Begin PBXVariantGroup section */
		04D02E8A1E5C1D64004BE244 /* Main.storyboard */ = {
			isa = PBXVariantGroup;
			children = (
				04D02E8B1E5C1D64004BE244 /* Base */,
			);
			name = Main.storyboard;
			sourceTree = "<group>";
		};
		04D02E8F1E5C1D64004BE244 /* LaunchScreen.storyboard */ = {
			isa = PBXVariantGroup;
			children = (
				04D02E901E5C1D64004BE244 /* Base */,
			);
			name = LaunchScreen.storyboard;
			sourceTree = "<group>";
		};
/* End PBXVariantGroup section */

/* Begin XCBuildConfiguration section */
		04D02E931E5C1D64004BE244 /* Debug */ = {
			isa = XCBuildConfiguration;
			buildSettings = {
				ALWAYS_SEARCH_USER_PATHS = NO;
				CLANG_CXX_LANGUAGE_STANDARD = "gnu++0x";
				CLANG_CXX_LIBRARY = "libc++";
				CLANG_ENABLE_MODULES = YES;
				CLANG_ENABLE_OBJC_ARC = YES;
				CLANG_WARN_BOOL_CONVERSION = YES;
				CLANG_WARN_CONSTANT_CONVERSION = YES;
				CLANG_WARN_DIRECT_OBJC_ISA_USAGE = YES_ERROR;
				CLANG_WARN_EMPTY_BODY = YES;
				CLANG_WARN_ENUM_CONVERSION = YES;
				CLANG_WARN_INT_CONVERSION = YES;
				CLANG_WARN_OBJC_ROOT_CLASS = YES_ERROR;
				CLANG_WARN_UNREACHABLE_CODE = YES;
				CLANG_WARN__DUPLICATE_METHOD_MATCH = YES;
				"CODE_SIGN_IDENTITY[sdk=iphoneos*]" = "iPhone Developer";
				COPY_PHASE_STRIP = NO;
				DEBUG_INFORMATION_FORMAT = dwarf;
				ENABLE_STRICT_OBJC_MSGSEND = YES;
				ENABLE_TESTABILITY = YES;
				GCC_C_LANGUAGE_STANDARD = gnu99;
				GCC_DYNAMIC_NO_PIC = NO;
				GCC_NO_COMMON_BLOCKS = YES;
				GCC_OPTIMIZATION_LEVEL = 0;
				GCC_PREPROCESSOR_DEFINITIONS = (
					"DEBUG=1",
					"$(inherited)",
				);
				GCC_WARN_64_TO_32_BIT_CONVERSION = YES;
				GCC_WARN_ABOUT_RETURN_TYPE = YES_ERROR;
				GCC_WARN_UNDECLARED_SELECTOR = YES;
				GCC_WARN_UNINITIALIZED_AUTOS = YES_AGGRESSIVE;
				GCC_WARN_UNUSED_FUNCTION = YES;
				GCC_WARN_UNUSED_VARIABLE = YES;
				IPHONEOS_DEPLOYMENT_TARGET = 9.1;
				MTL_ENABLE_DEBUG_INFO = YES;
				ONLY_ACTIVE_ARCH = YES;
				SDKROOT = iphoneos;
				SWIFT_OPTIMIZATION_LEVEL = "-Onone";
			};
			name = Debug;
		};
		04D02E941E5C1D64004BE244 /* Release */ = {
			isa = XCBuildConfiguration;
			buildSettings = {
				ALWAYS_SEARCH_USER_PATHS = NO;
				CLANG_CXX_LANGUAGE_STANDARD = "gnu++0x";
				CLANG_CXX_LIBRARY = "libc++";
				CLANG_ENABLE_MODULES = YES;
				CLANG_ENABLE_OBJC_ARC = YES;
				CLANG_WARN_BOOL_CONVERSION = YES;
				CLANG_WARN_CONSTANT_CONVERSION = YES;
				CLANG_WARN_DIRECT_OBJC_ISA_USAGE = YES_ERROR;
				CLANG_WARN_EMPTY_BODY = YES;
				CLANG_WARN_ENUM_CONVERSION = YES;
				CLANG_WARN_INT_CONVERSION = YES;
				CLANG_WARN_OBJC_ROOT_CLASS = YES_ERROR;
				CLANG_WARN_UNREACHABLE_CODE = YES;
				CLANG_WARN__DUPLICATE_METHOD_MATCH = YES;
				"CODE_SIGN_IDENTITY[sdk=iphoneos*]" = "iPhone Developer";
				COPY_PHASE_STRIP = NO;
				DEBUG_INFORMATION_FORMAT = "dwarf-with-dsym";
				ENABLE_NS_ASSERTIONS = NO;
				ENABLE_STRICT_OBJC_MSGSEND = YES;
				GCC_C_LANGUAGE_STANDARD = gnu99;
				GCC_NO_COMMON_BLOCKS = YES;
				GCC_WARN_64_TO_32_BIT_CONVERSION = YES;
				GCC_WARN_ABOUT_RETURN_TYPE = YES_ERROR;
				GCC_WARN_UNDECLARED_SELECTOR = YES;
				GCC_WARN_UNINITIALIZED_AUTOS = YES_AGGRESSIVE;
				GCC_WARN_UNUSED_FUNCTION = YES;
				GCC_WARN_UNUSED_VARIABLE = YES;
				IPHONEOS_DEPLOYMENT_TARGET = 9.1;
				MTL_ENABLE_DEBUG_INFO = NO;
				SDKROOT = iphoneos;
				VALIDATE_PRODUCT = YES;
			};
			name = Release;
		};
		04D02E961E5C1D64004BE244 /* Debug */ = {
			isa = XCBuildConfiguration;
			buildSettings = {
				ASSETCATALOG_COMPILER_APPICON_NAME = AppIcon;
				ASSETCATALOG_COMPILER_LAUNCHIMAGE_NAME = "Brand Assets";
				INFOPLIST_FILE = DYZB/Info.plist;
				IPHONEOS_DEPLOYMENT_TARGET = 9.0;
				LD_RUNPATH_SEARCH_PATHS = "$(inherited) @executable_path/Frameworks";
				PRODUCT_BUNDLE_IDENTIFIER = com.ios.DYZB;
				PRODUCT_NAME = "$(TARGET_NAME)";
				TARGETED_DEVICE_FAMILY = 1;
			};
			name = Debug;
		};
		04D02E971E5C1D64004BE244 /* Release */ = {
			isa = XCBuildConfiguration;
			buildSettings = {
				ASSETCATALOG_COMPILER_APPICON_NAME = AppIcon;
				ASSETCATALOG_COMPILER_LAUNCHIMAGE_NAME = "Brand Assets";
				INFOPLIST_FILE = DYZB/Info.plist;
				IPHONEOS_DEPLOYMENT_TARGET = 9.0;
				LD_RUNPATH_SEARCH_PATHS = "$(inherited) @executable_path/Frameworks";
				PRODUCT_BUNDLE_IDENTIFIER = com.ios.DYZB;
				PRODUCT_NAME = "$(TARGET_NAME)";
				TARGETED_DEVICE_FAMILY = 1;
			};
			name = Release;
		};
/* End XCBuildConfiguration section */

/* Begin XCConfigurationList section */
		04D02E7E1E5C1D64004BE244 /* Build configuration list for PBXProject "DYZB" */ = {
			isa = XCConfigurationList;
			buildConfigurations = (
				04D02E931E5C1D64004BE244 /* Debug */,
				04D02E941E5C1D64004BE244 /* Release */,
			);
			defaultConfigurationIsVisible = 0;
			defaultConfigurationName = Release;
		};
		04D02E951E5C1D64004BE244 /* Build configuration list for PBXNativeTarget "DYZB" */ = {
			isa = XCConfigurationList;
			buildConfigurations = (
				04D02E961E5C1D64004BE244 /* Debug */,
				04D02E971E5C1D64004BE244 /* Release */,
			);
			defaultConfigurationIsVisible = 0;
		};
/* End XCConfigurationList section */
	};
	rootObject = 04D02E7B1E5C1D64004BE244 /* Project object */;
}
